// !$*UTF8*$!
{
	archiveVersion = 1;
	classes = {
	};
	objectVersion = 46;
	objects = {

/* Begin PBXBuildFile section */
		1634B7A71CA8E3B000BB7BFA /* ZZFunctionPageConf.plist in Resources */ = {isa = PBXBuildFile; fileRef = 1634B7A61CA8E3B000BB7BFA /* ZZFunctionPageConf.plist */; };
		1634B7AA1CA8E3F000BB7BFA /* ZZTableExampleViewController.m in Sources */ = {isa = PBXBuildFile; fileRef = 1634B7A91CA8E3F000BB7BFA /* ZZTableExampleViewController.m */; };
		16DE055F1CB368A800FB639C /* ZZNetworkRequestController.m in Sources */ = {isa = PBXBuildFile; fileRef = 16DE055D1CB368A800FB639C /* ZZNetworkRequestController.m */; };
		16DE05601CB368A800FB639C /* ZZNetworkRequestController.xib in Resources */ = {isa = PBXBuildFile; fileRef = 16DE055E1CB368A800FB639C /* ZZNetworkRequestController.xib */; };
		16DE05641CB37DBF00FB639C /* ScrollDemoViewController.m in Sources */ = {isa = PBXBuildFile; fileRef = 16DE05621CB37DBF00FB639C /* ScrollDemoViewController.m */; };
		16DE05651CB37DBF00FB639C /* ScrollDemoViewController.xib in Resources */ = {isa = PBXBuildFile; fileRef = 16DE05631CB37DBF00FB639C /* ScrollDemoViewController.xib */; };
		16EB03D51C38CE9F00CB676B /* ZZMainTabbarController.m in Sources */ = {isa = PBXBuildFile; fileRef = 16EB03D21C38CE9F00CB676B /* ZZMainTabbarController.m */; };
		16EB03D61C38CE9F00CB676B /* ZZNavigationController.m in Sources */ = {isa = PBXBuildFile; fileRef = 16EB03D41C38CE9F00CB676B /* ZZNavigationController.m */; };
		16EB03DE1C38F51E00CB676B /* ZZOneViewController.m in Sources */ = {isa = PBXBuildFile; fileRef = 16EB03DD1C38F51E00CB676B /* ZZOneViewController.m */; };
		16EB03E11C38F55000CB676B /* ZZTwoViewController.m in Sources */ = {isa = PBXBuildFile; fileRef = 16EB03E01C38F55000CB676B /* ZZTwoViewController.m */; };
		16EB03E41C38F55A00CB676B /* ZZThreeViewController.m in Sources */ = {isa = PBXBuildFile; fileRef = 16EB03E31C38F55A00CB676B /* ZZThreeViewController.m */; };
		16EB03E71C38F56500CB676B /* ZZFourViewController.m in Sources */ = {isa = PBXBuildFile; fileRef = 16EB03E61C38F56500CB676B /* ZZFourViewController.m */; };
		16EB03F11C390FB200CB676B /* NSDictionary+Core.m in Sources */ = {isa = PBXBuildFile; fileRef = 16EB03F01C390FB200CB676B /* NSDictionary+Core.m */; };
		16EB03F41C390FC700CB676B /* NSArray+Core.m in Sources */ = {isa = PBXBuildFile; fileRef = 16EB03F31C390FC700CB676B /* NSArray+Core.m */; };
		16EB03F61C3938FC00CB676B /* tableViewSample.plist in Resources */ = {isa = PBXBuildFile; fileRef = 16EB03F51C3938FC00CB676B /* tableViewSample.plist */; };
		2B67B78E0A759076BD275346 /* libPods.a in Frameworks */ = {isa = PBXBuildFile; fileRef = 2A21539BDDB90CBD16E9F9AC /* libPods.a */; };
		A9C1C6901C33879400FD9EBF /* main.m in Sources */ = {isa = PBXBuildFile; fileRef = A9C1C68F1C33879400FD9EBF /* main.m */; };
		A9C1C6931C33879400FD9EBF /* AppDelegate.m in Sources */ = {isa = PBXBuildFile; fileRef = A9C1C6921C33879400FD9EBF /* AppDelegate.m */; };
		A9C1C69B1C33879400FD9EBF /* Assets.xcassets in Resources */ = {isa = PBXBuildFile; fileRef = A9C1C69A1C33879400FD9EBF /* Assets.xcassets */; };
/* End PBXBuildFile section */

/* Begin PBXFileReference section */
		0DDBC19AFF91DA08BAC685FA /* Pods.release.xcconfig */ = {isa = PBXFileReference; includeInIndex = 1; lastKnownFileType = text.xcconfig; name = Pods.release.xcconfig; path = "Pods/Target Support Files/Pods/Pods.release.xcconfig"; sourceTree = "<group>"; };
		1634B7A61CA8E3B000BB7BFA /* ZZFunctionPageConf.plist */ = {isa = PBXFileReference; fileEncoding = 4; lastKnownFileType = text.plist.xml; path = ZZFunctionPageConf.plist; sourceTree = "<group>"; };
		1634B7A81CA8E3F000BB7BFA /* ZZTableExampleViewController.h */ = {isa = PBXFileReference; fileEncoding = 4; lastKnownFileType = sourcecode.c.h; path = ZZTableExampleViewController.h; sourceTree = "<group>"; };
		1634B7A91CA8E3F000BB7BFA /* ZZTableExampleViewController.m */ = {isa = PBXFileReference; fileEncoding = 4; lastKnownFileType = sourcecode.c.objc; path = ZZTableExampleViewController.m; sourceTree = "<group>"; };
		16DE055C1CB368A800FB639C /* ZZNetworkRequestController.h */ = {isa = PBXFileReference; fileEncoding = 4; lastKnownFileType = sourcecode.c.h; path = ZZNetworkRequestController.h; sourceTree = "<group>"; };
		16DE055D1CB368A800FB639C /* ZZNetworkRequestController.m */ = {isa = PBXFileReference; fileEncoding = 4; lastKnownFileType = sourcecode.c.objc; path = ZZNetworkRequestController.m; sourceTree = "<group>"; };
		16DE055E1CB368A800FB639C /* ZZNetworkRequestController.xib */ = {isa = PBXFileReference; fileEncoding = 4; lastKnownFileType = file.xib; path = ZZNetworkRequestController.xib; sourceTree = "<group>"; };
		16DE05611CB37DBF00FB639C /* ScrollDemoViewController.h */ = {isa = PBXFileReference; fileEncoding = 4; lastKnownFileType = sourcecode.c.h; path = ScrollDemoViewController.h; sourceTree = "<group>"; };
		16DE05621CB37DBF00FB639C /* ScrollDemoViewController.m */ = {isa = PBXFileReference; fileEncoding = 4; lastKnownFileType = sourcecode.c.objc; path = ScrollDemoViewController.m; sourceTree = "<group>"; };
		16DE05631CB37DBF00FB639C /* ScrollDemoViewController.xib */ = {isa = PBXFileReference; fileEncoding = 4; lastKnownFileType = file.xib; path = ScrollDemoViewController.xib; sourceTree = "<group>"; };
		16EB03D11C38CE9F00CB676B /* ZZMainTabbarController.h */ = {isa = PBXFileReference; fileEncoding = 4; lastKnownFileType = sourcecode.c.h; path = ZZMainTabbarController.h; sourceTree = "<group>"; };
		16EB03D21C38CE9F00CB676B /* ZZMainTabbarController.m */ = {isa = PBXFileReference; fileEncoding = 4; lastKnownFileType = sourcecode.c.objc; path = ZZMainTabbarController.m; sourceTree = "<group>"; };
		16EB03D31C38CE9F00CB676B /* ZZNavigationController.h */ = {isa = PBXFileReference; fileEncoding = 4; lastKnownFileType = sourcecode.c.h; path = ZZNavigationController.h; sourceTree = "<group>"; };
		16EB03D41C38CE9F00CB676B /* ZZNavigationController.m */ = {isa = PBXFileReference; fileEncoding = 4; lastKnownFileType = sourcecode.c.objc; path = ZZNavigationController.m; sourceTree = "<group>"; };
		16EB03DC1C38F51E00CB676B /* ZZOneViewController.h */ = {isa = PBXFileReference; fileEncoding = 4; lastKnownFileType = sourcecode.c.h; path = ZZOneViewController.h; sourceTree = "<group>"; };
		16EB03DD1C38F51E00CB676B /* ZZOneViewController.m */ = {isa = PBXFileReference; fileEncoding = 4; lastKnownFileType = sourcecode.c.objc; path = ZZOneViewController.m; sourceTree = "<group>"; };
		16EB03DF1C38F55000CB676B /* ZZTwoViewController.h */ = {isa = PBXFileReference; fileEncoding = 4; lastKnownFileType = sourcecode.c.h; path = ZZTwoViewController.h; sourceTree = "<group>"; };
		16EB03E01C38F55000CB676B /* ZZTwoViewController.m */ = {isa = PBXFileReference; fileEncoding = 4; lastKnownFileType = sourcecode.c.objc; path = ZZTwoViewController.m; sourceTree = "<group>"; };
		16EB03E21C38F55A00CB676B /* ZZThreeViewController.h */ = {isa = PBXFileReference; fileEncoding = 4; lastKnownFileType = sourcecode.c.h; path = ZZThreeViewController.h; sourceTree = "<group>"; };
		16EB03E31C38F55A00CB676B /* ZZThreeViewController.m */ = {isa = PBXFileReference; fileEncoding = 4; lastKnownFileType = sourcecode.c.objc; path = ZZThreeViewController.m; sourceTree = "<group>"; };
		16EB03E51C38F56500CB676B /* ZZFourViewController.h */ = {isa = PBXFileReference; fileEncoding = 4; lastKnownFileType = sourcecode.c.h; path = ZZFourViewController.h; sourceTree = "<group>"; };
		16EB03E61C38F56500CB676B /* ZZFourViewController.m */ = {isa = PBXFileReference; fileEncoding = 4; lastKnownFileType = sourcecode.c.objc; path = ZZFourViewController.m; sourceTree = "<group>"; };
		16EB03E81C3906F900CB676B /* Prefix.pch */ = {isa = PBXFileReference; lastKnownFileType = sourcecode.c.h; path = Prefix.pch; sourceTree = "<group>"; };
		16EB03E91C39084D00CB676B /* Define.h */ = {isa = PBXFileReference; lastKnownFileType = sourcecode.c.h; path = Define.h; sourceTree = "<group>"; };
		16EB03EF1C390FB200CB676B /* NSDictionary+Core.h */ = {isa = PBXFileReference; fileEncoding = 4; lastKnownFileType = sourcecode.c.h; path = "NSDictionary+Core.h"; sourceTree = "<group>"; };
		16EB03F01C390FB200CB676B /* NSDictionary+Core.m */ = {isa = PBXFileReference; fileEncoding = 4; lastKnownFileType = sourcecode.c.objc; path = "NSDictionary+Core.m"; sourceTree = "<group>"; };
		16EB03F21C390FC700CB676B /* NSArray+Core.h */ = {isa = PBXFileReference; fileEncoding = 4; lastKnownFileType = sourcecode.c.h; path = "NSArray+Core.h"; sourceTree = "<group>"; };
		16EB03F31C390FC700CB676B /* NSArray+Core.m */ = {isa = PBXFileReference; fileEncoding = 4; lastKnownFileType = sourcecode.c.objc; path = "NSArray+Core.m"; sourceTree = "<group>"; };
		16EB03F51C3938FC00CB676B /* tableViewSample.plist */ = {isa = PBXFileReference; fileEncoding = 4; lastKnownFileType = text.plist.xml; path = tableViewSample.plist; sourceTree = "<group>"; };
		2A21539BDDB90CBD16E9F9AC /* libPods.a */ = {isa = PBXFileReference; explicitFileType = archive.ar; includeInIndex = 0; path = libPods.a; sourceTree = BUILT_PRODUCTS_DIR; };
		4B124D0D2CF9A23FE87B3AC4 /* Pods.debug.xcconfig */ = {isa = PBXFileReference; includeInIndex = 1; lastKnownFileType = text.xcconfig; name = Pods.debug.xcconfig; path = "Pods/Target Support Files/Pods/Pods.debug.xcconfig"; sourceTree = "<group>"; };
		A9C1C68B1C33879400FD9EBF /* ZZDemo.app */ = {isa = PBXFileReference; explicitFileType = wrapper.application; includeInIndex = 0; path = ZZDemo.app; sourceTree = BUILT_PRODUCTS_DIR; };
		A9C1C68F1C33879400FD9EBF /* main.m */ = {isa = PBXFileReference; lastKnownFileType = sourcecode.c.objc; path = main.m; sourceTree = "<group>"; };
		A9C1C6911C33879400FD9EBF /* AppDelegate.h */ = {isa = PBXFileReference; lastKnownFileType = sourcecode.c.h; path = AppDelegate.h; sourceTree = "<group>"; };
		A9C1C6921C33879400FD9EBF /* AppDelegate.m */ = {isa = PBXFileReference; lastKnownFileType = sourcecode.c.objc; path = AppDelegate.m; sourceTree = "<group>"; };
		A9C1C69A1C33879400FD9EBF /* Assets.xcassets */ = {isa = PBXFileReference; lastKnownFileType = folder.assetcatalog; path = Assets.xcassets; sourceTree = "<group>"; };
		A9C1C69F1C33879400FD9EBF /* Info.plist */ = {isa = PBXFileReference; lastKnownFileType = text.plist.xml; path = Info.plist; sourceTree = "<group>"; };
/* End PBXFileReference section */

/* Begin PBXFrameworksBuildPhase section */
		A9C1C6881C33879400FD9EBF /* Frameworks */ = {
			isa = PBXFrameworksBuildPhase;
			buildActionMask = 2147483647;
			files = (
				2B67B78E0A759076BD275346 /* libPods.a in Frameworks */,
			);
			runOnlyForDeploymentPostprocessing = 0;
		};
/* End PBXFrameworksBuildPhase section */

/* Begin PBXGroup section */
		1634B7A51CA8E3B000BB7BFA /* Function */ = {
			isa = PBXGroup;
			children = (
				1634B7A61CA8E3B000BB7BFA /* ZZFunctionPageConf.plist */,
				1634B7A81CA8E3F000BB7BFA /* ZZTableExampleViewController.h */,
				1634B7A91CA8E3F000BB7BFA /* ZZTableExampleViewController.m */,
				16DE055C1CB368A800FB639C /* ZZNetworkRequestController.h */,
				16DE055D1CB368A800FB639C /* ZZNetworkRequestController.m */,
				16DE055E1CB368A800FB639C /* ZZNetworkRequestController.xib */,
				16DE05611CB37DBF00FB639C /* ScrollDemoViewController.h */,
				16DE05621CB37DBF00FB639C /* ScrollDemoViewController.m */,
				16DE05631CB37DBF00FB639C /* ScrollDemoViewController.xib */,
			);
			path = Function;
			sourceTree = "<group>";
		};
		16EB03D01C38CE9F00CB676B /* Module */ = {
			isa = PBXGroup;
			children = (
				16EB03D11C38CE9F00CB676B /* ZZMainTabbarController.h */,
				16EB03D21C38CE9F00CB676B /* ZZMainTabbarController.m */,
				16EB03D31C38CE9F00CB676B /* ZZNavigationController.h */,
				16EB03D41C38CE9F00CB676B /* ZZNavigationController.m */,
				16EB03D91C38F40D00CB676B /* One */,
				16EB03DB1C38F40D00CB676B /* Two */,
				16EB03DA1C38F40D00CB676B /* Three */,
				16EB03D81C38F40D00CB676B /* Four */,
			);
			path = Module;
			sourceTree = "<group>";
		};
		16EB03D81C38F40D00CB676B /* Four */ = {
			isa = PBXGroup;
			children = (
				16EB03E51C38F56500CB676B /* ZZFourViewController.h */,
				16EB03E61C38F56500CB676B /* ZZFourViewController.m */,
			);
			path = Four;
			sourceTree = "<group>";
		};
		16EB03D91C38F40D00CB676B /* One */ = {
			isa = PBXGroup;
			children = (
				16EB03DC1C38F51E00CB676B /* ZZOneViewController.h */,
				16EB03DD1C38F51E00CB676B /* ZZOneViewController.m */,
				1634B7A51CA8E3B000BB7BFA /* Function */,
			);
			path = One;
			sourceTree = "<group>";
		};
		16EB03DA1C38F40D00CB676B /* Three */ = {
			isa = PBXGroup;
			children = (
				16EB03E21C38F55A00CB676B /* ZZThreeViewController.h */,
				16EB03E31C38F55A00CB676B /* ZZThreeViewController.m */,
			);
			path = Three;
			sourceTree = "<group>";
		};
		16EB03DB1C38F40D00CB676B /* Two */ = {
			isa = PBXGroup;
			children = (
				16EB03DF1C38F55000CB676B /* ZZTwoViewController.h */,
				16EB03E01C38F55000CB676B /* ZZTwoViewController.m */,
			);
			path = Two;
			sourceTree = "<group>";
		};
		16EB03EA1C390EF500CB676B /* Core */ = {
			isa = PBXGroup;
			children = (
				16EB03EF1C390FB200CB676B /* NSDictionary+Core.h */,
				16EB03F01C390FB200CB676B /* NSDictionary+Core.m */,
				16EB03F21C390FC700CB676B /* NSArray+Core.h */,
				16EB03F31C390FC700CB676B /* NSArray+Core.m */,
			);
			path = Core;
			sourceTree = "<group>";
		};
		16EB03EB1C390EF500CB676B /* Data */ = {
			isa = PBXGroup;
			children = (
				16EB03F51C3938FC00CB676B /* tableViewSample.plist */,
			);
			path = Data;
			sourceTree = "<group>";
		};
		A8DE0424ACF3A5677A0E2B8B /* Frameworks */ = {
			isa = PBXGroup;
			children = (
				2A21539BDDB90CBD16E9F9AC /* libPods.a */,
			);
			name = Frameworks;
			sourceTree = "<group>";
		};
		A9C1C6821C33879400FD9EBF = {
			isa = PBXGroup;
			children = (
				A9C1C68D1C33879400FD9EBF /* ZZDemo */,
				A9C1C68C1C33879400FD9EBF /* Products */,
				EB0CA137C717AA3FBD8E310E /* Pods */,
				A8DE0424ACF3A5677A0E2B8B /* Frameworks */,
			);
			sourceTree = "<group>";
		};
		A9C1C68C1C33879400FD9EBF /* Products */ = {
			isa = PBXGroup;
			children = (
				A9C1C68B1C33879400FD9EBF /* ZZDemo.app */,
			);
			name = Products;
			sourceTree = "<group>";
		};
		A9C1C68D1C33879400FD9EBF /* ZZDemo */ = {
			isa = PBXGroup;
			children = (
				A9C1C6911C33879400FD9EBF /* AppDelegate.h */,
				A9C1C6921C33879400FD9EBF /* AppDelegate.m */,
				16EB03D01C38CE9F00CB676B /* Module */,
				16EB03EA1C390EF500CB676B /* Core */,
				16EB03EB1C390EF500CB676B /* Data */,
				A9C1C69A1C33879400FD9EBF /* Assets.xcassets */,
				A9C1C69F1C33879400FD9EBF /* Info.plist */,
				A9C1C68E1C33879400FD9EBF /* Supporting Files */,
			);
			path = ZZDemo;
			sourceTree = "<group>";
		};
		A9C1C68E1C33879400FD9EBF /* Supporting Files */ = {
			isa = PBXGroup;
			children = (
				A9C1C68F1C33879400FD9EBF /* main.m */,
				16EB03E81C3906F900CB676B /* Prefix.pch */,
				16EB03E91C39084D00CB676B /* Define.h */,
			);
			name = "Supporting Files";
			sourceTree = "<group>";
		};
		EB0CA137C717AA3FBD8E310E /* Pods */ = {
			isa = PBXGroup;
			children = (
				4B124D0D2CF9A23FE87B3AC4 /* Pods.debug.xcconfig */,
				0DDBC19AFF91DA08BAC685FA /* Pods.release.xcconfig */,
			);
			name = Pods;
			sourceTree = "<group>";
		};
/* End PBXGroup section */

/* Begin PBXNativeTarget section */
		A9C1C68A1C33879400FD9EBF /* ZZDemo */ = {
			isa = PBXNativeTarget;
			buildConfigurationList = A9C1C6A21C33879400FD9EBF /* Build configuration list for PBXNativeTarget "ZZDemo" */;
			buildPhases = (
				E6E98CB37EA0E255828F5CB6 /* Check Pods Manifest.lock */,
				A9C1C6871C33879400FD9EBF /* Sources */,
				A9C1C6881C33879400FD9EBF /* Frameworks */,
				A9C1C6891C33879400FD9EBF /* Resources */,
				B45C0322548CCA012B7ECF0C /* Embed Pods Frameworks */,
				AAFB4CF9B81661B69FCAA9B5 /* Copy Pods Resources */,
			);
			buildRules = (
			);
			dependencies = (
			);
			name = ZZDemo;
			productName = ZZDemo;
			productReference = A9C1C68B1C33879400FD9EBF /* ZZDemo.app */;
			productType = "com.apple.product-type.application";
		};
/* End PBXNativeTarget section */

/* Begin PBXProject section */
		A9C1C6831C33879400FD9EBF /* Project object */ = {
			isa = PBXProject;
			attributes = {
				LastUpgradeCheck = 0720;
				ORGANIZATIONNAME = Personal;
				TargetAttributes = {
					A9C1C68A1C33879400FD9EBF = {
						CreatedOnToolsVersion = 7.2;
					};
				};
			};
			buildConfigurationList = A9C1C6861C33879400FD9EBF /* Build configuration list for PBXProject "ZZDemo" */;
			compatibilityVersion = "Xcode 3.2";
			developmentRegion = English;
			hasScannedForEncodings = 0;
			knownRegions = (
				en,
				Base,
			);
			mainGroup = A9C1C6821C33879400FD9EBF;
			productRefGroup = A9C1C68C1C33879400FD9EBF /* Products */;
			projectDirPath = "";
			projectRoot = "";
			targets = (
				A9C1C68A1C33879400FD9EBF /* ZZDemo */,
			);
		};
/* End PBXProject section */

/* Begin PBXResourcesBuildPhase section */
		A9C1C6891C33879400FD9EBF /* Resources */ = {
			isa = PBXResourcesBuildPhase;
			buildActionMask = 2147483647;
			files = (
				16EB03F61C3938FC00CB676B /* tableViewSample.plist in Resources */,
				16DE05651CB37DBF00FB639C /* ScrollDemoViewController.xib in Resources */,
				A9C1C69B1C33879400FD9EBF /* Assets.xcassets in Resources */,
				16DE05601CB368A800FB639C /* ZZNetworkRequestController.xib in Resources */,
				1634B7A71CA8E3B000BB7BFA /* ZZFunctionPageConf.plist in Resources */,
			);
			runOnlyForDeploymentPostprocessing = 0;
		};
/* End PBXResourcesBuildPhase section */

/* Begin PBXShellScriptBuildPhase section */
		AAFB4CF9B81661B69FCAA9B5 /* Copy Pods Resources */ = {
			isa = PBXShellScriptBuildPhase;
			buildActionMask = 2147483647;
			files = (
			);
			inputPaths = (
			);
			name = "Copy Pods Resources";
			outputPaths = (
			);
			runOnlyForDeploymentPostprocessing = 0;
			shellPath = /bin/sh;
			shellScript = "\"${SRCROOT}/Pods/Target Support Files/Pods/Pods-resources.sh\"\n";
			showEnvVarsInLog = 0;
		};
		B45C0322548CCA012B7ECF0C /* Embed Pods Frameworks */ = {
			isa = PBXShellScriptBuildPhase;
			buildActionMask = 2147483647;
			files = (
			);
			inputPaths = (
			);
			name = "Embed Pods Frameworks";
			outputPaths = (
			);
			runOnlyForDeploymentPostprocessing = 0;
			shellPath = /bin/sh;
			shellScript = "\"${SRCROOT}/Pods/Target Support Files/Pods/Pods-frameworks.sh\"\n";
			showEnvVarsInLog = 0;
		};
		E6E98CB37EA0E255828F5CB6 /* Check Pods Manifest.lock */ = {
			isa = PBXShellScriptBuildPhase;
			buildActionMask = 2147483647;
			files = (
			);
			inputPaths = (
			);
			name = "Check Pods Manifest.lock";
			outputPaths = (
			);
			runOnlyForDeploymentPostprocessing = 0;
			shellPath = /bin/sh;
			shellScript = "diff \"${PODS_ROOT}/../Podfile.lock\" \"${PODS_ROOT}/Manifest.lock\" > /dev/null\nif [[ $? != 0 ]] ; then\n    cat << EOM\nerror: The sandbox is not in sync with the Podfile.lock. Run 'pod install' or update your CocoaPods installation.\nEOM\n    exit 1\nfi\n";
			showEnvVarsInLog = 0;
		};
/* End PBXShellScriptBuildPhase section */

/* Begin PBXSourcesBuildPhase section */
		A9C1C6871C33879400FD9EBF /* Sources */ = {
			isa = PBXSourcesBuildPhase;
			buildActionMask = 2147483647;
			files = (
				16EB03E71C38F56500CB676B /* ZZFourViewController.m in Sources */,
				16EB03F41C390FC700CB676B /* NSArray+Core.m in Sources */,
				16EB03DE1C38F51E00CB676B /* ZZOneViewController.m in Sources */,
				16EB03E11C38F55000CB676B /* ZZTwoViewController.m in Sources */,
				16EB03D51C38CE9F00CB676B /* ZZMainTabbarController.m in Sources */,
				A9C1C6931C33879400FD9EBF /* AppDelegate.m in Sources */,
				16DE055F1CB368A800FB639C /* ZZNetworkRequestController.m in Sources */,
				16EB03F11C390FB200CB676B /* NSDictionary+Core.m in Sources */,
				A9C1C6901C33879400FD9EBF /* main.m in Sources */,
				16EB03D61C38CE9F00CB676B /* ZZNavigationController.m in Sources */,
				16EB03E41C38F55A00CB676B /* ZZThreeViewController.m in Sources */,
				16DE05641CB37DBF00FB639C /* ScrollDemoViewController.m in Sources */,
				1634B7AA1CA8E3F000BB7BFA /* ZZTableExampleViewController.m in Sources */,
			);
			runOnlyForDeploymentPostprocessing = 0;
		};
/* End PBXSourcesBuildPhase section */

/* Begin XCBuildConfiguration section */
		A9C1C6A01C33879400FD9EBF /* Debug */ = {
			isa = XCBuildConfiguration;
			buildSettings = {
				ALWAYS_SEARCH_USER_PATHS = NO;
				CLANG_CXX_LANGUAGE_STANDARD = "gnu++0x";
				CLANG_CXX_LIBRARY = "libc++";
				CLANG_ENABLE_MODULES = YES;
				CLANG_ENABLE_OBJC_ARC = YES;
				CLANG_WARN_BOOL_CONVERSION = YES;
				CLANG_WARN_CONSTANT_CONVERSION = YES;
				CLANG_WARN_DIRECT_OBJC_ISA_USAGE = YES_ERROR;
				CLANG_WARN_EMPTY_BODY = YES;
				CLANG_WARN_ENUM_CONVERSION = YES;
				CLANG_WARN_INT_CONVERSION = YES;
				CLANG_WARN_OBJC_ROOT_CLASS = YES_ERROR;
				CLANG_WARN_UNREACHABLE_CODE = YES;
				CLANG_WARN__DUPLICATE_METHOD_MATCH = YES;
				"CODE_SIGN_IDENTITY[sdk=iphoneos*]" = "iPhone Developer";
				COPY_PHASE_STRIP = NO;
				DEBUG_INFORMATION_FORMAT = dwarf;
				ENABLE_STRICT_OBJC_MSGSEND = YES;
				ENABLE_TESTABILITY = YES;
				GCC_C_LANGUAGE_STANDARD = gnu99;
				GCC_DYNAMIC_NO_PIC = NO;
				GCC_NO_COMMON_BLOCKS = YES;
				GCC_OPTIMIZATION_LEVEL = 0;
				GCC_PREPROCESSOR_DEFINITIONS = (
					"DEBUG=1",
					"$(inherited)",
				);
				GCC_WARN_64_TO_32_BIT_CONVERSION = YES;
				GCC_WARN_ABOUT_RETURN_TYPE = YES_ERROR;
				GCC_WARN_UNDECLARED_SELECTOR = YES;
				GCC_WARN_UNINITIALIZED_AUTOS = YES_AGGRESSIVE;
				GCC_WARN_UNUSED_FUNCTION = YES;
				GCC_WARN_UNUSED_VARIABLE = YES;
				IPHONEOS_DEPLOYMENT_TARGET = 9.2;
				MTL_ENABLE_DEBUG_INFO = YES;
				ONLY_ACTIVE_ARCH = YES;
				SDKROOT = iphoneos;
			};
			name = Debug;
		};
		A9C1C6A11C33879400FD9EBF /* Release */ = {
			isa = XCBuildConfiguration;
			buildSettings = {
				ALWAYS_SEARCH_USER_PATHS = NO;
				CLANG_CXX_LANGUAGE_STANDARD = "gnu++0x";
				CLANG_CXX_LIBRARY = "libc++";
				CLANG_ENABLE_MODULES = YES;
				CLANG_ENABLE_OBJC_ARC = YES;
				CLANG_WARN_BOOL_CONVERSION = YES;
				CLANG_WARN_CONSTANT_CONVERSION = YES;
				CLANG_WARN_DIRECT_OBJC_ISA_USAGE = YES_ERROR;
				CLANG_WARN_EMPTY_BODY = YES;
				CLANG_WARN_ENUM_CONVERSION = YES;
				CLANG_WARN_INT_CONVERSION = YES;
				CLANG_WARN_OBJC_ROOT_CLASS = YES_ERROR;
				CLANG_WARN_UNREACHABLE_CODE = YES;
				CLANG_WARN__DUPLICATE_METHOD_MATCH = YES;
				"CODE_SIGN_IDENTITY[sdk=iphoneos*]" = "iPhone Developer";
				COPY_PHASE_STRIP = NO;
				DEBUG_INFORMATION_FORMAT = "dwarf-with-dsym";
				ENABLE_NS_ASSERTIONS = NO;
				ENABLE_STRICT_OBJC_MSGSEND = YES;
				GCC_C_LANGUAGE_STANDARD = gnu99;
				GCC_NO_COMMON_BLOCKS = YES;
				GCC_WARN_64_TO_32_BIT_CONVERSION = YES;
				GCC_WARN_ABOUT_RETURN_TYPE = YES_ERROR;
				GCC_WARN_UNDECLARED_SELECTOR = YES;
				GCC_WARN_UNINITIALIZED_AUTOS = YES_AGGRESSIVE;
				GCC_WARN_UNUSED_FUNCTION = YES;
				GCC_WARN_UNUSED_VARIABLE = YES;
				IPHONEOS_DEPLOYMENT_TARGET = 9.2;
				MTL_ENABLE_DEBUG_INFO = NO;
				SDKROOT = iphoneos;
				VALIDATE_PRODUCT = YES;
			};
			name = Release;
		};
		A9C1C6A31C33879400FD9EBF /* Debug */ = {
			isa = XCBuildConfiguration;
			baseConfigurationReference = 4B124D0D2CF9A23FE87B3AC4 /* Pods.debug.xcconfig */;
			buildSettings = {
				ASSETCATALOG_COMPILER_APPICON_NAME = AppIcon;
				GCC_PREFIX_HEADER = "$(SRCROOT)/ZZDemo/Prefix.pch";
				INFOPLIST_FILE = ZZDemo/Info.plist;
				LD_RUNPATH_SEARCH_PATHS = "$(inherited) @executable_path/Frameworks";
				PRODUCT_BUNDLE_IDENTIFIER = zz.ZZDemo;
				PRODUCT_NAME = "$(TARGET_NAME)";
			};
			name = Debug;
		};
		A9C1C6A41C33879400FD9EBF /* Release */ = {
			isa = XCBuildConfiguration;
			baseConfigurationReference = 0DDBC19AFF91DA08BAC685FA /* Pods.release.xcconfig */;
			buildSettings = {
				ASSETCATALOG_COMPILER_APPICON_NAME = AppIcon;
				GCC_PREFIX_HEADER = "$(SRCROOT)/ZZDemo/Prefix.pch";
				INFOPLIST_FILE = ZZDemo/Info.plist;
				LD_RUNPATH_SEARCH_PATHS = "$(inherited) @executable_path/Frameworks";
				PRODUCT_BUNDLE_IDENTIFIER = zz.ZZDemo;
				PRODUCT_NAME = "$(TARGET_NAME)";
			};
			name = Release;
		};
/* End XCBuildConfiguration section */

/* Begin XCConfigurationList section */
		A9C1C6861C33879400FD9EBF /* Build configuration list for PBXProject "ZZDemo" */ = {
			isa = XCConfigurationList;
			buildConfigurations = (
				A9C1C6A01C33879400FD9EBF /* Debug */,
				A9C1C6A11C33879400FD9EBF /* Release */,
			);
			defaultConfigurationIsVisible = 0;
			defaultConfigurationName = Release;
		};
		A9C1C6A21C33879400FD9EBF /* Build configuration list for PBXNativeTarget "ZZDemo" */ = {
			isa = XCConfigurationList;
			buildConfigurations = (
				A9C1C6A31C33879400FD9EBF /* Debug */,
				A9C1C6A41C33879400FD9EBF /* Release */,
			);
			defaultConfigurationIsVisible = 0;
			defaultConfigurationName = Release;
		};
/* End XCConfigurationList section */
	};
	rootObject = A9C1C6831C33879400FD9EBF /* Project object */;
}
